
Microsoft Visual Studio Solution File, Format Version 12.00
# Visual Studio Version 17
VisualStudioVersion = 17.8.34316.72
MinimumVisualStudioVersion = 10.0.40219.1
Project("{9A19103F-16F7-4668-BE54-9A1E7A4F7556}") = "BULKYMVC", "BULKYMVC\BULKYMVC.csproj", "{E01B6F01-C60A-42A5-AB6D-C3140EC23FED}"
EndProject
Project("{9A19103F-16F7-4668-BE54-9A1E7A4F7556}") = "BULKYRAZOR_TEMP", "BULKYRAZOR_TEMP\BULKYRAZOR_TEMP.csproj", "{92EE1011-44C1-49B3-A0AA-0A107B23EAA8}"
EndProject
Project("{FAE04EC0-301F-11D3-BF4B-00C04F79EFBC}") = "BULKY.DataAccess", "BULKY.DataAccess\BULKY.DataAccess.csproj", "{7A06CB0B-1AA6-4626-AFA7-CB1FE228DEC8}"
EndProject
Project("{FAE04EC0-301F-11D3-BF4B-00C04F79EFBC}") = "BULKY.Utility", "BULKY.Utility\BULKY.Utility.csproj", "{8489B583-649D-4C22-A270-97393A846335}"
EndProject
Project("{FAE04EC0-301F-11D3-BF4B-00C04F79EFBC}") = "BULKY.Models", "BULKY.Models\BULKY.Models.csproj", "{75E9A359-D79C-4197-A9BD-46C08652A2CA}"
EndProject
Global
	GlobalSection(SolutionConfigurationPlatforms) = preSolution
		Debug|Any CPU = Debug|Any CPU
		Release|Any CPU = Release|Any CPU
	EndGlobalSection
	GlobalSection(ProjectConfigurationPlatforms) = postSolution
		{E01B6F01-C60A-42A5-AB6D-C3140EC23FED}.Debug|Any CPU.ActiveCfg = Debug|Any CPU
		{E01B6F01-C60A-42A5-AB6D-C3140EC23FED}.Debug|Any CPU.Build.0 = Debug|Any CPU
		{E01B6F01-C60A-42A5-AB6D-C3140EC23FED}.Release|Any CPU.ActiveCfg = Release|Any CPU
		{E01B6F01-C60A-42A5-AB6D-C3140EC23FED}.Release|Any CPU.Build.0 = Release|Any CPU
		{92EE1011-44C1-49B3-A0AA-0A107B23EAA8}.Debug|Any CPU.ActiveCfg = Debug|Any CPU
		{92EE1011-44C1-49B3-A0AA-0A107B23EAA8}.Debug|Any CPU.Build.0 = Debug|Any CPU
		{92EE1011-44C1-49B3-A0AA-0A107B23EAA8}.Release|Any CPU.ActiveCfg = Release|Any CPU
		{92EE1011-44C1-49B3-A0AA-0A107B23EAA8}.Release|Any CPU.Build.0 = Release|Any CPU
		{7A06CB0B-1AA6-4626-AFA7-CB1FE228DEC8}.Debug|Any CPU.ActiveCfg = Debug|Any CPU
		{7A06CB0B-1AA6-4626-AFA7-CB1FE228DEC8}.Debug|Any CPU.Build.0 = Debug|Any CPU
		{7A06CB0B-1AA6-4626-AFA7-CB1FE228DEC8}.Release|Any CPU.ActiveCfg = Release|Any CPU
		{7A06CB0B-1AA6-4626-AFA7-CB1FE228DEC8}.Release|Any CPU.Build.0 = Release|Any CPU
		{8489B583-649D-4C22-A270-97393A846335}.Debug|Any CPU.ActiveCfg = Debug|Any CPU
		{8489B583-649D-4C22-A270-97393A846335}.Debug|Any CPU.Build.0 = Debug|Any CPU
		{8489B583-649D-4C22-A270-97393A846335}.Release|Any CPU.ActiveCfg = Release|Any CPU
		{8489B583-649D-4C22-A270-97393A846335}.Release|Any CPU.Build.0 = Release|Any CPU
		{75E9A359-D79C-4197-A9BD-46C08652A2CA}.Debug|Any CPU.ActiveCfg = Debug|Any CPU
		{75E9A359-D79C-4197-A9BD-46C08652A2CA}.Debug|Any CPU.Build.0 = Debug|Any CPU
		{75E9A359-D79C-4197-A9BD-46C08652A2CA}.Release|Any CPU.ActiveCfg = Release|Any CPU
		{75E9A359-D79C-4197-A9BD-46C08652A2CA}.Release|Any CPU.Build.0 = Release|Any CPU
	EndGlobalSection
	GlobalSection(SolutionProperties) = preSolution
		HideSolutionNode = FALSE
	EndGlobalSection
	GlobalSection(ExtensibilityGlobals) = postSolution
		SolutionGuid = {A2EE4FFA-1CF9-4676-A02D-8BE015245317}
	EndGlobalSection
EndGlobal
